{
  "name": "SiteController",
  "lockfileVersion": 2,
  "requires": true,
  "packages": {
    "": {
      "dependencies": {
        "a1-beep": "^1.2.1",
        "beeper": "^2.1.0",
        "blessed": "^0.1.81",
        "ping": "^0.4.0"
      }
    },
    "node_modules/a1-beep": {
      "version": "1.2.1",
      "resolved": "https://registry.npmjs.org/a1-beep/-/a1-beep-1.2.1.tgz",
      "integrity": "sha512-BeOCda0HObHrVNQICrg8FscTX6ENJrQfnWZRNdZscKbydL+3dQyrR+izox+U9FBhAMc0EZ/NuxOODJuO/HoK7w==",
      "dependencies": {
        "a1-util": "^1.0.3"
      }
    },
    "node_modules/a1-util": {
      "version": "1.1.0",
      "resolved": "https://registry.npmjs.org/a1-util/-/a1-util-1.1.0.tgz",
      "integrity": "sha512-X94Uu3KS80hFc5vE9rHnhBGxl+RbcGwnmVj0Da6pRLfXj0W9QAD87Lh8j1h0UOCsO89Uswdh05SKgClzf02GaA=="
    },
    "node_modules/beeper": {
      "version": "2.1.0",
      "resolved": "https://registry.npmjs.org/beeper/-/beeper-2.1.0.tgz",
      "integrity": "sha512-85+CcymhlP0jM4fs4ZMiMRl58VthoN9NRdvi+knXiQpP2UggkSre+A9rOZ0c2g2Vh+pEF5ZAlT+k8dsJNoanAA==",
      "dependencies": {
        "yoctodelay": "^1.1.0"
      },
      "engines": {
        "node": ">=8"
      }
    },
    "node_modules/blessed": {
      "version": "0.1.81",
      "resolved": "https://registry.npmjs.org/blessed/-/blessed-0.1.81.tgz",
      "integrity": "sha1-+WLWh+wsNpVwrnGvhDJW5tDKESk=",
      "bin": {
        "blessed": "bin/tput.js"
      },
      "engines": {
        "node": ">= 0.8.0"
      }
    },
    "node_modules/ping": {
      "version": "0.4.0",
      "resolved": "https://registry.npmjs.org/ping/-/ping-0.4.0.tgz",
      "integrity": "sha512-qymcd5Bwv74b9o7qzAduN8wffr3ba11ZLBjY6gPQR2LpQ++9He8keSRFSaBb3OcR4SvXCWhi9VbLD1ycUNhz9Q==",
      "dependencies": {
        "q": "1.x",
        "underscore": "^1.12.0"
      },
      "engines": {
        "node": ">=4.0.0"
      }
    },
    "node_modules/q": {
      "version": "1.5.1",
      "resolved": "https://registry.npmjs.org/q/-/q-1.5.1.tgz",
      "integrity": "sha1-fjL3W0E4EpHQRhHxvxQQmsAGUdc=",
      "engines": {
        "node": ">=0.6.0",
        "teleport": ">=0.2.0"
      }
    },
    "node_modules/underscore": {
      "version": "1.12.0",
      "resolved": "https://registry.npmjs.org/underscore/-/underscore-1.12.0.tgz",
      "integrity": "sha512-21rQzss/XPMjolTiIezSu3JAjgagXKROtNrYFEOWK109qY1Uv2tVjPTZ1ci2HgvQDA16gHYSthQIJfB+XId/rQ=="
    },
    "node_modules/yoctodelay": {
      "version": "1.1.0",
      "resolved": "https://registry.npmjs.org/yoctodelay/-/yoctodelay-1.1.0.tgz",
      "integrity": "sha512-iCPt7W3X6SCm5wEnMRCoq+c8XCzscKTT0oWq5TNsIb+PUVtNkt/5O3VGlXXlLBnjTKL+29QyTzqbcJNLaiaJyQ==",
      "engines": {
        "node": ">=4"
      }
    }
  },
  "dependencies": {
    "a1-beep": {
      "version": "1.2.1",
      "resolved": "https://registry.npmjs.org/a1-beep/-/a1-beep-1.2.1.tgz",
      "integrity": "sha512-BeOCda0HObHrVNQICrg8FscTX6ENJrQfnWZRNdZscKbydL+3dQyrR+izox+U9FBhAMc0EZ/NuxOODJuO/HoK7w==",
      "requires": {
        "a1-util": "^1.0.3"
      }
    },
    "a1-util": {
      "version": "1.1.0",
      "resolved": "https://registry.npmjs.org/a1-util/-/a1-util-1.1.0.tgz",
      "integrity": "sha512-X94Uu3KS80hFc5vE9rHnhBGxl+RbcGwnmVj0Da6pRLfXj0W9QAD87Lh8j1h0UOCsO89Uswdh05SKgClzf02GaA=="
    },
    "beeper": {
      "version": "2.1.0",
      "resolved": "https://registry.npmjs.org/beeper/-/beeper-2.1.0.tgz",
      "integrity": "sha512-85+CcymhlP0jM4fs4ZMiMRl58VthoN9NRdvi+knXiQpP2UggkSre+A9rOZ0c2g2Vh+pEF5ZAlT+k8dsJNoanAA==",
      "requires": {
        "yoctodelay": "^1.1.0"
      }
    },
    "blessed": {
      "version": "0.1.81",
      "resolved": "https://registry.npmjs.org/blessed/-/blessed-0.1.81.tgz",
      "integrity": "sha1-+WLWh+wsNpVwrnGvhDJW5tDKESk="
    },
    "ping": {
      "version": "0.4.0",
      "resolved": "https://registry.npmjs.org/ping/-/ping-0.4.0.tgz",
      "integrity": "sha512-qymcd5Bwv74b9o7qzAduN8wffr3ba11ZLBjY6gPQR2LpQ++9He8keSRFSaBb3OcR4SvXCWhi9VbLD1ycUNhz9Q==",
      "requires": {
        "q": "1.x",
        "underscore": "^1.12.0"
      }
    },
    "q": {
      "version": "1.5.1",
      "resolved": "https://registry.npmjs.org/q/-/q-1.5.1.tgz",
      "integrity": "sha1-fjL3W0E4EpHQRhHxvxQQmsAGUdc="
    },
    "underscore": {
      "version": "1.12.0",
      "resolved": "https://registry.npmjs.org/underscore/-/underscore-1.12.0.tgz",
      "integrity": "sha512-21rQzss/XPMjolTiIezSu3JAjgagXKROtNrYFEOWK109qY1Uv2tVjPTZ1ci2HgvQDA16gHYSthQIJfB+XId/rQ=="
    },
    "yoctodelay": {
      "version": "1.1.0",
      "resolved": "https://registry.npmjs.org/yoctodelay/-/yoctodelay-1.1.0.tgz",
      "integrity": "sha512-iCPt7W3X6SCm5wEnMRCoq+c8XCzscKTT0oWq5TNsIb+PUVtNkt/5O3VGlXXlLBnjTKL+29QyTzqbcJNLaiaJyQ=="
    }
  }
}
